
Microsoft Visual Studio Solution File, Format Version 12.00
# Visual Studio Express 2012 for Windows Desktop
Project("{FAE04EC0-301F-11D3-BF4B-00C04F79EFBC}") = "Ex2.0", "Ex2.0\Ex2.0.csproj", "{1A0C4A4F-82C9-47C1-9130-1E09616E61D3}"
EndProject
Global
	GlobalSection(SolutionConfigurationPlatforms) = preSolution
		Debug|Any CPU = Debug|Any CPU
		Release|Any CPU = Release|Any CPU
	EndGlobalSection
	GlobalSection(ProjectConfigurationPlatforms) = postSolution
		{1A0C4A4F-82C9-47C1-9130-1E09616E61D3}.Debug|Any CPU.ActiveCfg = Debug|Any CPU
		{1A0C4A4F-82C9-47C1-9130-1E09616E61D3}.Debug|Any CPU.Build.0 = Debug|Any CPU
		{1A0C4A4F-82C9-47C1-9130-1E09616E61D3}.Release|Any CPU.ActiveCfg = Release|Any CPU
		{1A0C4A4F-82C9-47C1-9130-1E09616E61D3}.Release|Any CPU.Build.0 = Release|Any CPU
	EndGlobalSection
	GlobalSection(SolutionProperties) = preSolution
		HideSolutionNode = FALSE
	EndGlobalSection
EndGlobal
